
Microsoft Visual Studio Solution File, Format Version 12.00
# Visual Studio 2012
Project("{FAE04EC0-301F-11D3-BF4B-00C04F79EFBC}") = "Core", "Core\Core.csproj", "{F91B3394-BA47-48E6-BBDE-E8E29D226C55}"
EndProject
Project("{FAE04EC0-301F-11D3-BF4B-00C04F79EFBC}") = "Forum", "Core\Areas\Forum\Forum.csproj", "{05EEA4E0-9EF0-4071-8F0A-B9E327181660}"
EndProject
Project("{FAE04EC0-301F-11D3-BF4B-00C04F79EFBC}") = "FluentsecurityDemo", "Core\Areas\FluentsecurityDemo\FluentsecurityDemo.csproj", "{750D4875-8D57-41B7-AC21-58C7A27CE284}"
EndProject
Global
	GlobalSection(SolutionConfigurationPlatforms) = preSolution
		Debug|Any CPU = Debug|Any CPU
		Release|Any CPU = Release|Any CPU
	EndGlobalSection
	GlobalSection(ProjectConfigurationPlatforms) = postSolution
		{F91B3394-BA47-48E6-BBDE-E8E29D226C55}.Debug|Any CPU.ActiveCfg = Debug|Any CPU
		{F91B3394-BA47-48E6-BBDE-E8E29D226C55}.Debug|Any CPU.Build.0 = Debug|Any CPU
		{F91B3394-BA47-48E6-BBDE-E8E29D226C55}.Release|Any CPU.ActiveCfg = Release|Any CPU
		{F91B3394-BA47-48E6-BBDE-E8E29D226C55}.Release|Any CPU.Build.0 = Release|Any CPU
		{05EEA4E0-9EF0-4071-8F0A-B9E327181660}.Debug|Any CPU.ActiveCfg = Debug|Any CPU
		{05EEA4E0-9EF0-4071-8F0A-B9E327181660}.Debug|Any CPU.Build.0 = Debug|Any CPU
		{05EEA4E0-9EF0-4071-8F0A-B9E327181660}.Release|Any CPU.ActiveCfg = Release|Any CPU
		{05EEA4E0-9EF0-4071-8F0A-B9E327181660}.Release|Any CPU.Build.0 = Release|Any CPU
		{750D4875-8D57-41B7-AC21-58C7A27CE284}.Debug|Any CPU.ActiveCfg = Debug|Any CPU
		{750D4875-8D57-41B7-AC21-58C7A27CE284}.Debug|Any CPU.Build.0 = Debug|Any CPU
		{750D4875-8D57-41B7-AC21-58C7A27CE284}.Release|Any CPU.ActiveCfg = Release|Any CPU
		{750D4875-8D57-41B7-AC21-58C7A27CE284}.Release|Any CPU.Build.0 = Release|Any CPU
	EndGlobalSection
	GlobalSection(SolutionProperties) = preSolution
		HideSolutionNode = FALSE
	EndGlobalSection
EndGlobal
